
Microsoft Visual Studio Solution File, Format Version 12.00
Project("{FAE04EC0-301F-11D3-BF4B-00C04F79EFBC}") = "API", "src\API\API.csproj", "{A2881082-8361-48FC-AD69-48660F6BC495}"
EndProject
Project("{2150E333-8FDC-42A3-9474-1A3956D46DE8}") = "src", "src", "{C1759248-7368-44BB-894E-E456A174FF38}"
EndProject
Project("{FAE04EC0-301F-11D3-BF4B-00C04F79EFBC}") = "BLL", "src\BLL\BLL.csproj", "{D3453CAB-C831-48C0-AE09-E463C304FDA4}"
EndProject
Project("{FAE04EC0-301F-11D3-BF4B-00C04F79EFBC}") = "DLL", "src\DLL\DLL.csproj", "{161B91E3-6733-484A-B56E-6C443ED8DD03}"
EndProject
Project("{2150E333-8FDC-42A3-9474-1A3956D46DE8}") = "tests", "tests", "{958BA335-8CB6-4E12-92B5-B1BBC5A2A26B}"
EndProject
Project("{FAE04EC0-301F-11D3-BF4B-00C04F79EFBC}") = "BLL.UnitTests", "tests\BLL.UnitTests\BLL.UnitTests.csproj", "{328660E2-1CF3-4EC8-B82F-A0ACFB0F1FB2}"
EndProject
Global
	GlobalSection(SolutionConfigurationPlatforms) = preSolution
		Debug|Any CPU = Debug|Any CPU
		Release|Any CPU = Release|Any CPU
	EndGlobalSection
	GlobalSection(ProjectConfigurationPlatforms) = postSolution
		{A2881082-8361-48FC-AD69-48660F6BC495}.Debug|Any CPU.ActiveCfg = Debug|Any CPU
		{A2881082-8361-48FC-AD69-48660F6BC495}.Debug|Any CPU.Build.0 = Debug|Any CPU
		{A2881082-8361-48FC-AD69-48660F6BC495}.Release|Any CPU.ActiveCfg = Release|Any CPU
		{A2881082-8361-48FC-AD69-48660F6BC495}.Release|Any CPU.Build.0 = Release|Any CPU
		{D3453CAB-C831-48C0-AE09-E463C304FDA4}.Debug|Any CPU.ActiveCfg = Debug|Any CPU
		{D3453CAB-C831-48C0-AE09-E463C304FDA4}.Debug|Any CPU.Build.0 = Debug|Any CPU
		{D3453CAB-C831-48C0-AE09-E463C304FDA4}.Release|Any CPU.ActiveCfg = Release|Any CPU
		{D3453CAB-C831-48C0-AE09-E463C304FDA4}.Release|Any CPU.Build.0 = Release|Any CPU
		{161B91E3-6733-484A-B56E-6C443ED8DD03}.Debug|Any CPU.ActiveCfg = Debug|Any CPU
		{161B91E3-6733-484A-B56E-6C443ED8DD03}.Debug|Any CPU.Build.0 = Debug|Any CPU
		{161B91E3-6733-484A-B56E-6C443ED8DD03}.Release|Any CPU.ActiveCfg = Release|Any CPU
		{161B91E3-6733-484A-B56E-6C443ED8DD03}.Release|Any CPU.Build.0 = Release|Any CPU
		{328660E2-1CF3-4EC8-B82F-A0ACFB0F1FB2}.Debug|Any CPU.ActiveCfg = Debug|Any CPU
		{328660E2-1CF3-4EC8-B82F-A0ACFB0F1FB2}.Debug|Any CPU.Build.0 = Debug|Any CPU
		{328660E2-1CF3-4EC8-B82F-A0ACFB0F1FB2}.Release|Any CPU.ActiveCfg = Release|Any CPU
		{328660E2-1CF3-4EC8-B82F-A0ACFB0F1FB2}.Release|Any CPU.Build.0 = Release|Any CPU
	EndGlobalSection
	GlobalSection(NestedProjects) = preSolution
		{A2881082-8361-48FC-AD69-48660F6BC495} = {C1759248-7368-44BB-894E-E456A174FF38}
		{D3453CAB-C831-48C0-AE09-E463C304FDA4} = {C1759248-7368-44BB-894E-E456A174FF38}
		{161B91E3-6733-484A-B56E-6C443ED8DD03} = {C1759248-7368-44BB-894E-E456A174FF38}
		{328660E2-1CF3-4EC8-B82F-A0ACFB0F1FB2} = {958BA335-8CB6-4E12-92B5-B1BBC5A2A26B}
	EndGlobalSection
EndGlobal
